
Microsoft Visual Studio Solution File, Format Version 12.00
# Visual Studio 15
VisualStudioVersion = 15.0.28010.2016
MinimumVisualStudioVersion = 10.0.40219.1
Project("{FAE04EC0-301F-11D3-BF4B-00C04F79EFBC}") = "TestProject", "TestProject\TestProject.csproj", "{9600B425-A475-453A-BACB-894198D9DE52}"
EndProject
Project("{FAE04EC0-301F-11D3-BF4B-00C04F79EFBC}") = "UdemyCodeProjectconsole", "UdemyCodeProjectconsole\UdemyCodeProjectconsole.csproj", "{670F4F66-B23E-400A-8F27-F928AF222ABB}"
EndProject
Global
	GlobalSection(SolutionConfigurationPlatforms) = preSolution
		Debug|Any CPU = Debug|Any CPU
		Release|Any CPU = Release|Any CPU
	EndGlobalSection
	GlobalSection(ProjectConfigurationPlatforms) = postSolution
		{9600B425-A475-453A-BACB-894198D9DE52}.Debug|Any CPU.ActiveCfg = Debug|Any CPU
		{9600B425-A475-453A-BACB-894198D9DE52}.Debug|Any CPU.Build.0 = Debug|Any CPU
		{9600B425-A475-453A-BACB-894198D9DE52}.Release|Any CPU.ActiveCfg = Release|Any CPU
		{9600B425-A475-453A-BACB-894198D9DE52}.Release|Any CPU.Build.0 = Release|Any CPU
		{670F4F66-B23E-400A-8F27-F928AF222ABB}.Debug|Any CPU.ActiveCfg = Debug|Any CPU
		{670F4F66-B23E-400A-8F27-F928AF222ABB}.Debug|Any CPU.Build.0 = Debug|Any CPU
		{670F4F66-B23E-400A-8F27-F928AF222ABB}.Release|Any CPU.ActiveCfg = Release|Any CPU
		{670F4F66-B23E-400A-8F27-F928AF222ABB}.Release|Any CPU.Build.0 = Release|Any CPU
	EndGlobalSection
	GlobalSection(SolutionProperties) = preSolution
		HideSolutionNode = FALSE
	EndGlobalSection
	GlobalSection(ExtensibilityGlobals) = postSolution
		SolutionGuid = {D7A99CAE-C3D3-4C13-94EE-34F2467F7B17}
	EndGlobalSection
EndGlobal
